// !$*UTF8*$!
{
	archiveVersion = 1;
	classes = {
	};
	objectVersion = 56;
	objects = {

/* Begin PBXBuildFile section */
		9E4241312B62721900850B69 /* AnimalDetailView.swift in Sources */ = {isa = PBXBuildFile; fileRef = 9E4241302B62721900850B69 /* AnimalDetailView.swift */; };
		9E4241332B62750600850B69 /* HeadingView.swift in Sources */ = {isa = PBXBuildFile; fileRef = 9E4241322B62750600850B69 /* HeadingView.swift */; };
		9E4241352B62767600850B69 /* InsetGalleryView.swift in Sources */ = {isa = PBXBuildFile; fileRef = 9E4241342B62767600850B69 /* InsetGalleryView.swift */; };
		9ECAF0E32B62A27400108C07 /* InsetFactView.swift in Sources */ = {isa = PBXBuildFile; fileRef = 9ECAF0E22B62A27400108C07 /* InsetFactView.swift */; };
		9ECAF0E52B62A5C600108C07 /* InsetMapView.swift in Sources */ = {isa = PBXBuildFile; fileRef = 9ECAF0E42B62A5C600108C07 /* InsetMapView.swift */; };
		9EEB5B9C2B614C4200EC9CBC /* AfricaApp.swift in Sources */ = {isa = PBXBuildFile; fileRef = 9EEB5B9B2B614C4200EC9CBC /* AfricaApp.swift */; };
		9EEB5B9E2B614C4200EC9CBC /* ContentView.swift in Sources */ = {isa = PBXBuildFile; fileRef = 9EEB5B9D2B614C4200EC9CBC /* ContentView.swift */; };
		9EEB5BA02B614C4400EC9CBC /* Assets.xcassets in Resources */ = {isa = PBXBuildFile; fileRef = 9EEB5B9F2B614C4400EC9CBC /* Assets.xcassets */; };
		9EEB5BA32B614C4400EC9CBC /* Preview Assets.xcassets in Resources */ = {isa = PBXBuildFile; fileRef = 9EEB5BA22B614C4400EC9CBC /* Preview Assets.xcassets */; };
		9EEB5BB42B614F4600EC9CBC /* gorilla.mp4 in Resources */ = {isa = PBXBuildFile; fileRef = 9EEB5BAA2B614F4400EC9CBC /* gorilla.mp4 */; };
		9EEB5BB52B614F4600EC9CBC /* zebra.mp4 in Resources */ = {isa = PBXBuildFile; fileRef = 9EEB5BAB2B614F4400EC9CBC /* zebra.mp4 */; };
		9EEB5BB62B614F4600EC9CBC /* rhino.mp4 in Resources */ = {isa = PBXBuildFile; fileRef = 9EEB5BAC2B614F4500EC9CBC /* rhino.mp4 */; };
		9EEB5BB72B614F4600EC9CBC /* lion.mp4 in Resources */ = {isa = PBXBuildFile; fileRef = 9EEB5BAD2B614F4500EC9CBC /* lion.mp4 */; };
		9EEB5BB82B614F4600EC9CBC /* hippo.mp4 in Resources */ = {isa = PBXBuildFile; fileRef = 9EEB5BAE2B614F4500EC9CBC /* hippo.mp4 */; };
		9EEB5BB92B614F4600EC9CBC /* lioness.mp4 in Resources */ = {isa = PBXBuildFile; fileRef = 9EEB5BAF2B614F4500EC9CBC /* lioness.mp4 */; };
		9EEB5BBA2B614F4600EC9CBC /* cheetah.mp4 in Resources */ = {isa = PBXBuildFile; fileRef = 9EEB5BB02B614F4600EC9CBC /* cheetah.mp4 */; };
		9EEB5BBB2B614F4600EC9CBC /* giraffe.mp4 in Resources */ = {isa = PBXBuildFile; fileRef = 9EEB5BB12B614F4600EC9CBC /* giraffe.mp4 */; };
		9EEB5BBC2B614F4600EC9CBC /* elephant.mp4 in Resources */ = {isa = PBXBuildFile; fileRef = 9EEB5BB22B614F4600EC9CBC /* elephant.mp4 */; };
		9EEB5BBD2B614F4600EC9CBC /* ostrich.mp4 in Resources */ = {isa = PBXBuildFile; fileRef = 9EEB5BB32B614F4600EC9CBC /* ostrich.mp4 */; };
		9EEB5BC32B614F8400EC9CBC /* animals.json in Resources */ = {isa = PBXBuildFile; fileRef = 9EEB5BBF2B614F8400EC9CBC /* animals.json */; };
		9EEB5BC42B614F8400EC9CBC /* locations.json in Resources */ = {isa = PBXBuildFile; fileRef = 9EEB5BC02B614F8400EC9CBC /* locations.json */; };
		9EEB5BC52B614F8400EC9CBC /* covers.json in Resources */ = {isa = PBXBuildFile; fileRef = 9EEB5BC12B614F8400EC9CBC /* covers.json */; };
		9EEB5BC62B614F8400EC9CBC /* videos.json in Resources */ = {isa = PBXBuildFile; fileRef = 9EEB5BC22B614F8400EC9CBC /* videos.json */; };
		9EEB5BCA2B61599500EC9CBC /* VideoListView.swift in Sources */ = {isa = PBXBuildFile; fileRef = 9EEB5BC92B61599500EC9CBC /* VideoListView.swift */; };
		9EEB5BCC2B6159A700EC9CBC /* MapView.swift in Sources */ = {isa = PBXBuildFile; fileRef = 9EEB5BCB2B6159A700EC9CBC /* MapView.swift */; };
		9EEB5BCE2B6159B100EC9CBC /* GalleryView.swift in Sources */ = {isa = PBXBuildFile; fileRef = 9EEB5BCD2B6159B100EC9CBC /* GalleryView.swift */; };
		9EEB5BD02B6159BD00EC9CBC /* MainView.swift in Sources */ = {isa = PBXBuildFile; fileRef = 9EEB5BCF2B6159BD00EC9CBC /* MainView.swift */; };
		9EEB5BD32B61605200EC9CBC /* CoverImageView.swift in Sources */ = {isa = PBXBuildFile; fileRef = 9EEB5BD22B61605200EC9CBC /* CoverImageView.swift */; };
		9EEB5BD62B6162DC00EC9CBC /* CoverImageModel.swift in Sources */ = {isa = PBXBuildFile; fileRef = 9EEB5BD52B6162DC00EC9CBC /* CoverImageModel.swift */; };
		9EEB5BD92B61676600EC9CBC /* CodableBundleExtension.swift in Sources */ = {isa = PBXBuildFile; fileRef = 9EEB5BD82B61676600EC9CBC /* CodableBundleExtension.swift */; };
		9EEB5BDB2B61762800EC9CBC /* AnimalListItemView.swift in Sources */ = {isa = PBXBuildFile; fileRef = 9EEB5BDA2B61762800EC9CBC /* AnimalListItemView.swift */; };
		9EEB5BDD2B6177B600EC9CBC /* AnimalModel.swift in Sources */ = {isa = PBXBuildFile; fileRef = 9EEB5BDC2B6177B600EC9CBC /* AnimalModel.swift */; };
/* End PBXBuildFile section */

/* Begin PBXFileReference section */
		9E4241302B62721900850B69 /* AnimalDetailView.swift */ = {isa = PBXFileReference; lastKnownFileType = sourcecode.swift; path = AnimalDetailView.swift; sourceTree = "<group>"; };
		9E4241322B62750600850B69 /* HeadingView.swift */ = {isa = PBXFileReference; lastKnownFileType = sourcecode.swift; path = HeadingView.swift; sourceTree = "<group>"; };
		9E4241342B62767600850B69 /* InsetGalleryView.swift */ = {isa = PBXFileReference; lastKnownFileType = sourcecode.swift; path = InsetGalleryView.swift; sourceTree = "<group>"; };
		9ECAF0E22B62A27400108C07 /* InsetFactView.swift */ = {isa = PBXFileReference; lastKnownFileType = sourcecode.swift; path = InsetFactView.swift; sourceTree = "<group>"; };
		9ECAF0E42B62A5C600108C07 /* InsetMapView.swift */ = {isa = PBXFileReference; lastKnownFileType = sourcecode.swift; path = InsetMapView.swift; sourceTree = "<group>"; };
		9EEB5B982B614C4200EC9CBC /* Africa.app */ = {isa = PBXFileReference; explicitFileType = wrapper.application; includeInIndex = 0; path = Africa.app; sourceTree = BUILT_PRODUCTS_DIR; };
		9EEB5B9B2B614C4200EC9CBC /* AfricaApp.swift */ = {isa = PBXFileReference; lastKnownFileType = sourcecode.swift; path = AfricaApp.swift; sourceTree = "<group>"; };
		9EEB5B9D2B614C4200EC9CBC /* ContentView.swift */ = {isa = PBXFileReference; lastKnownFileType = sourcecode.swift; path = ContentView.swift; sourceTree = "<group>"; };
		9EEB5B9F2B614C4400EC9CBC /* Assets.xcassets */ = {isa = PBXFileReference; lastKnownFileType = folder.assetcatalog; path = Assets.xcassets; sourceTree = "<group>"; };
		9EEB5BA22B614C4400EC9CBC /* Preview Assets.xcassets */ = {isa = PBXFileReference; lastKnownFileType = folder.assetcatalog; path = "Preview Assets.xcassets"; sourceTree = "<group>"; };
		9EEB5BAA2B614F4400EC9CBC /* gorilla.mp4 */ = {isa = PBXFileReference; lastKnownFileType = file; path = gorilla.mp4; sourceTree = "<group>"; };
		9EEB5BAB2B614F4400EC9CBC /* zebra.mp4 */ = {isa = PBXFileReference; lastKnownFileType = file; path = zebra.mp4; sourceTree = "<group>"; };
		9EEB5BAC2B614F4500EC9CBC /* rhino.mp4 */ = {isa = PBXFileReference; lastKnownFileType = file; path = rhino.mp4; sourceTree = "<group>"; };
		9EEB5BAD2B614F4500EC9CBC /* lion.mp4 */ = {isa = PBXFileReference; lastKnownFileType = file; path = lion.mp4; sourceTree = "<group>"; };
		9EEB5BAE2B614F4500EC9CBC /* hippo.mp4 */ = {isa = PBXFileReference; lastKnownFileType = file; path = hippo.mp4; sourceTree = "<group>"; };
		9EEB5BAF2B614F4500EC9CBC /* lioness.mp4 */ = {isa = PBXFileReference; lastKnownFileType = file; path = lioness.mp4; sourceTree = "<group>"; };
		9EEB5BB02B614F4600EC9CBC /* cheetah.mp4 */ = {isa = PBXFileReference; lastKnownFileType = file; path = cheetah.mp4; sourceTree = "<group>"; };
		9EEB5BB12B614F4600EC9CBC /* giraffe.mp4 */ = {isa = PBXFileReference; lastKnownFileType = file; path = giraffe.mp4; sourceTree = "<group>"; };
		9EEB5BB22B614F4600EC9CBC /* elephant.mp4 */ = {isa = PBXFileReference; lastKnownFileType = file; path = elephant.mp4; sourceTree = "<group>"; };
		9EEB5BB32B614F4600EC9CBC /* ostrich.mp4 */ = {isa = PBXFileReference; lastKnownFileType = file; path = ostrich.mp4; sourceTree = "<group>"; };
		9EEB5BBF2B614F8400EC9CBC /* animals.json */ = {isa = PBXFileReference; fileEncoding = 4; lastKnownFileType = text.json; path = animals.json; sourceTree = "<group>"; };
		9EEB5BC02B614F8400EC9CBC /* locations.json */ = {isa = PBXFileReference; fileEncoding = 4; lastKnownFileType = text.json; path = locations.json; sourceTree = "<group>"; };
		9EEB5BC12B614F8400EC9CBC /* covers.json */ = {isa = PBXFileReference; fileEncoding = 4; lastKnownFileType = text.json; path = covers.json; sourceTree = "<group>"; };
		9EEB5BC22B614F8400EC9CBC /* videos.json */ = {isa = PBXFileReference; fileEncoding = 4; lastKnownFileType = text.json; path = videos.json; sourceTree = "<group>"; };
		9EEB5BC72B61512200EC9CBC /* Info.plist */ = {isa = PBXFileReference; lastKnownFileType = text.plist; path = Info.plist; sourceTree = "<group>"; };
		9EEB5BC92B61599500EC9CBC /* VideoListView.swift */ = {isa = PBXFileReference; lastKnownFileType = sourcecode.swift; path = VideoListView.swift; sourceTree = "<group>"; };
		9EEB5BCB2B6159A700EC9CBC /* MapView.swift */ = {isa = PBXFileReference; lastKnownFileType = sourcecode.swift; path = MapView.swift; sourceTree = "<group>"; };
		9EEB5BCD2B6159B100EC9CBC /* GalleryView.swift */ = {isa = PBXFileReference; lastKnownFileType = sourcecode.swift; path = GalleryView.swift; sourceTree = "<group>"; };
		9EEB5BCF2B6159BD00EC9CBC /* MainView.swift */ = {isa = PBXFileReference; lastKnownFileType = sourcecode.swift; path = MainView.swift; sourceTree = "<group>"; };
		9EEB5BD22B61605200EC9CBC /* CoverImageView.swift */ = {isa = PBXFileReference; lastKnownFileType = sourcecode.swift; path = CoverImageView.swift; sourceTree = "<group>"; };
		9EEB5BD52B6162DC00EC9CBC /* CoverImageModel.swift */ = {isa = PBXFileReference; lastKnownFileType = sourcecode.swift; path = CoverImageModel.swift; sourceTree = "<group>"; };
		9EEB5BD82B61676600EC9CBC /* CodableBundleExtension.swift */ = {isa = PBXFileReference; lastKnownFileType = sourcecode.swift; path = CodableBundleExtension.swift; sourceTree = "<group>"; };
		9EEB5BDA2B61762800EC9CBC /* AnimalListItemView.swift */ = {isa = PBXFileReference; lastKnownFileType = sourcecode.swift; path = AnimalListItemView.swift; sourceTree = "<group>"; };
		9EEB5BDC2B6177B600EC9CBC /* AnimalModel.swift */ = {isa = PBXFileReference; lastKnownFileType = sourcecode.swift; path = AnimalModel.swift; sourceTree = "<group>"; };
/* End PBXFileReference section */

/* Begin PBXFrameworksBuildPhase section */
		9EEB5B952B614C4200EC9CBC /* Frameworks */ = {
			isa = PBXFrameworksBuildPhase;
			buildActionMask = 2147483647;
			files = (
			);
			runOnlyForDeploymentPostprocessing = 0;
		};
/* End PBXFrameworksBuildPhase section */

/* Begin PBXGroup section */
		9EEB5B8F2B614C4200EC9CBC = {
			isa = PBXGroup;
			children = (
				9EEB5B9A2B614C4200EC9CBC /* Africa */,
				9EEB5B992B614C4200EC9CBC /* Products */,
			);
			sourceTree = "<group>";
		};
		9EEB5B992B614C4200EC9CBC /* Products */ = {
			isa = PBXGroup;
			children = (
				9EEB5B982B614C4200EC9CBC /* Africa.app */,
			);
			name = Products;
			sourceTree = "<group>";
		};
		9EEB5B9A2B614C4200EC9CBC /* Africa */ = {
			isa = PBXGroup;
			children = (
				9EEB5BC82B61595700EC9CBC /* App */,
				9EEB5BD72B61674400EC9CBC /* Extension */,
				9EEB5BD42B6162C900EC9CBC /* Model */,
				9EEB5BD12B61604300EC9CBC /* View */,
				9EEB5BC72B61512200EC9CBC /* Info.plist */,
				9EEB5BBE2B614F6800EC9CBC /* Data */,
				9EEB5BA92B614EEB00EC9CBC /* Video */,
				9EEB5B9F2B614C4400EC9CBC /* Assets.xcassets */,
				9EEB5BA12B614C4400EC9CBC /* Preview Content */,
			);
			path = Africa;
			sourceTree = "<group>";
		};
		9EEB5BA12B614C4400EC9CBC /* Preview Content */ = {
			isa = PBXGroup;
			children = (
				9EEB5BA22B614C4400EC9CBC /* Preview Assets.xcassets */,
			);
			path = "Preview Content";
			sourceTree = "<group>";
		};
		9EEB5BA92B614EEB00EC9CBC /* Video */ = {
			isa = PBXGroup;
			children = (
				9EEB5BB02B614F4600EC9CBC /* cheetah.mp4 */,
				9EEB5BB22B614F4600EC9CBC /* elephant.mp4 */,
				9EEB5BB12B614F4600EC9CBC /* giraffe.mp4 */,
				9EEB5BAA2B614F4400EC9CBC /* gorilla.mp4 */,
				9EEB5BAE2B614F4500EC9CBC /* hippo.mp4 */,
				9EEB5BAD2B614F4500EC9CBC /* lion.mp4 */,
				9EEB5BAF2B614F4500EC9CBC /* lioness.mp4 */,
				9EEB5BB32B614F4600EC9CBC /* ostrich.mp4 */,
				9EEB5BAC2B614F4500EC9CBC /* rhino.mp4 */,
				9EEB5BAB2B614F4400EC9CBC /* zebra.mp4 */,
			);
			path = Video;
			sourceTree = "<group>";
		};
		9EEB5BBE2B614F6800EC9CBC /* Data */ = {
			isa = PBXGroup;
			children = (
				9EEB5BBF2B614F8400EC9CBC /* animals.json */,
				9EEB5BC12B614F8400EC9CBC /* covers.json */,
				9EEB5BC02B614F8400EC9CBC /* locations.json */,
				9EEB5BC22B614F8400EC9CBC /* videos.json */,
			);
			path = Data;
			sourceTree = "<group>";
		};
		9EEB5BC82B61595700EC9CBC /* App */ = {
			isa = PBXGroup;
			children = (
				9EEB5B9B2B614C4200EC9CBC /* AfricaApp.swift */,
				9EEB5B9D2B614C4200EC9CBC /* ContentView.swift */,
				9EEB5BC92B61599500EC9CBC /* VideoListView.swift */,
				9EEB5BCB2B6159A700EC9CBC /* MapView.swift */,
				9EEB5BCD2B6159B100EC9CBC /* GalleryView.swift */,
				9EEB5BCF2B6159BD00EC9CBC /* MainView.swift */,
			);
			path = App;
			sourceTree = "<group>";
		};
		9EEB5BD12B61604300EC9CBC /* View */ = {
			isa = PBXGroup;
			children = (
				9EEB5BD22B61605200EC9CBC /* CoverImageView.swift */,
				9EEB5BDA2B61762800EC9CBC /* AnimalListItemView.swift */,
				9E4241302B62721900850B69 /* AnimalDetailView.swift */,
				9E4241322B62750600850B69 /* HeadingView.swift */,
				9E4241342B62767600850B69 /* InsetGalleryView.swift */,
				9ECAF0E22B62A27400108C07 /* InsetFactView.swift */,
				9ECAF0E42B62A5C600108C07 /* InsetMapView.swift */,
			);
			path = View;
			sourceTree = "<group>";
		};
		9EEB5BD42B6162C900EC9CBC /* Model */ = {
			isa = PBXGroup;
			children = (
				9EEB5BD52B6162DC00EC9CBC /* CoverImageModel.swift */,
				9EEB5BDC2B6177B600EC9CBC /* AnimalModel.swift */,
			);
			path = Model;
			sourceTree = "<group>";
		};
		9EEB5BD72B61674400EC9CBC /* Extension */ = {
			isa = PBXGroup;
			children = (
				9EEB5BD82B61676600EC9CBC /* CodableBundleExtension.swift */,
			);
			path = Extension;
			sourceTree = "<group>";
		};
/* End PBXGroup section */

/* Begin PBXNativeTarget section */
		9EEB5B972B614C4200EC9CBC /* Africa */ = {
			isa = PBXNativeTarget;
			buildConfigurationList = 9EEB5BA62B614C4400EC9CBC /* Build configuration list for PBXNativeTarget "Africa" */;
			buildPhases = (
				9EEB5B942B614C4200EC9CBC /* Sources */,
				9EEB5B952B614C4200EC9CBC /* Frameworks */,
				9EEB5B962B614C4200EC9CBC /* Resources */,
			);
			buildRules = (
			);
			dependencies = (
			);
			name = Africa;
			productName = Africa;
			productReference = 9EEB5B982B614C4200EC9CBC /* Africa.app */;
			productType = "com.apple.product-type.application";
		};
/* End PBXNativeTarget section */

/* Begin PBXProject section */
		9EEB5B902B614C4200EC9CBC /* Project object */ = {
			isa = PBXProject;
			attributes = {
				BuildIndependentTargetsInParallel = 1;
				LastSwiftUpdateCheck = 1520;
				LastUpgradeCheck = 1520;
				TargetAttributes = {
					9EEB5B972B614C4200EC9CBC = {
						CreatedOnToolsVersion = 15.2;
					};
				};
			};
			buildConfigurationList = 9EEB5B932B614C4200EC9CBC /* Build configuration list for PBXProject "Africa" */;
			compatibilityVersion = "Xcode 14.0";
			developmentRegion = en;
			hasScannedForEncodings = 0;
			knownRegions = (
				en,
				Base,
			);
			mainGroup = 9EEB5B8F2B614C4200EC9CBC;
			productRefGroup = 9EEB5B992B614C4200EC9CBC /* Products */;
			projectDirPath = "";
			projectRoot = "";
			targets = (
				9EEB5B972B614C4200EC9CBC /* Africa */,
			);
		};
/* End PBXProject section */

/* Begin PBXResourcesBuildPhase section */
		9EEB5B962B614C4200EC9CBC /* Resources */ = {
			isa = PBXResourcesBuildPhase;
			buildActionMask = 2147483647;
			files = (
				9EEB5BC42B614F8400EC9CBC /* locations.json in Resources */,
				9EEB5BB52B614F4600EC9CBC /* zebra.mp4 in Resources */,
				9EEB5BB72B614F4600EC9CBC /* lion.mp4 in Resources */,
				9EEB5BB82B614F4600EC9CBC /* hippo.mp4 in Resources */,
				9EEB5BA32B614C4400EC9CBC /* Preview Assets.xcassets in Resources */,
				9EEB5BBB2B614F4600EC9CBC /* giraffe.mp4 in Resources */,
				9EEB5BB42B614F4600EC9CBC /* gorilla.mp4 in Resources */,
				9EEB5BBD2B614F4600EC9CBC /* ostrich.mp4 in Resources */,
				9EEB5BC32B614F8400EC9CBC /* animals.json in Resources */,
				9EEB5BB62B614F4600EC9CBC /* rhino.mp4 in Resources */,
				9EEB5BC52B614F8400EC9CBC /* covers.json in Resources */,
				9EEB5BA02B614C4400EC9CBC /* Assets.xcassets in Resources */,
				9EEB5BB92B614F4600EC9CBC /* lioness.mp4 in Resources */,
				9EEB5BC62B614F8400EC9CBC /* videos.json in Resources */,
				9EEB5BBA2B614F4600EC9CBC /* cheetah.mp4 in Resources */,
				9EEB5BBC2B614F4600EC9CBC /* elephant.mp4 in Resources */,
			);
			runOnlyForDeploymentPostprocessing = 0;
		};
/* End PBXResourcesBuildPhase section */

/* Begin PBXSourcesBuildPhase section */
		9EEB5B942B614C4200EC9CBC /* Sources */ = {
			isa = PBXSourcesBuildPhase;
			buildActionMask = 2147483647;
			files = (
				9EEB5B9E2B614C4200EC9CBC /* ContentView.swift in Sources */,
				9EEB5BDB2B61762800EC9CBC /* AnimalListItemView.swift in Sources */,
				9EEB5BD02B6159BD00EC9CBC /* MainView.swift in Sources */,
				9ECAF0E32B62A27400108C07 /* InsetFactView.swift in Sources */,
				9EEB5BD32B61605200EC9CBC /* CoverImageView.swift in Sources */,
				9EEB5BD62B6162DC00EC9CBC /* CoverImageModel.swift in Sources */,
				9E4241312B62721900850B69 /* AnimalDetailView.swift in Sources */,
				9EEB5BDD2B6177B600EC9CBC /* AnimalModel.swift in Sources */,
				9EEB5BCC2B6159A700EC9CBC /* MapView.swift in Sources */,
				9ECAF0E52B62A5C600108C07 /* InsetMapView.swift in Sources */,
				9EEB5B9C2B614C4200EC9CBC /* AfricaApp.swift in Sources */,
				9EEB5BCA2B61599500EC9CBC /* VideoListView.swift in Sources */,
				9EEB5BCE2B6159B100EC9CBC /* GalleryView.swift in Sources */,
				9E4241352B62767600850B69 /* InsetGalleryView.swift in Sources */,
				9EEB5BD92B61676600EC9CBC /* CodableBundleExtension.swift in Sources */,
				9E4241332B62750600850B69 /* HeadingView.swift in Sources */,
			);
			runOnlyForDeploymentPostprocessing = 0;
		};
/* End PBXSourcesBuildPhase section */

/* Begin XCBuildConfiguration section */
		9EEB5BA42B614C4400EC9CBC /* Debug */ = {
			isa = XCBuildConfiguration;
			buildSettings = {
				ALWAYS_SEARCH_USER_PATHS = NO;
				ASSETCATALOG_COMPILER_GENERATE_SWIFT_ASSET_SYMBOL_EXTENSIONS = YES;
				CLANG_ANALYZER_NONNULL = YES;
				CLANG_ANALYZER_NUMBER_OBJECT_CONVERSION = YES_AGGRESSIVE;
				CLANG_CXX_LANGUAGE_STANDARD = "gnu++20";
				CLANG_ENABLE_MODULES = YES;
				CLANG_ENABLE_OBJC_ARC = YES;
				CLANG_ENABLE_OBJC_WEAK = YES;
				CLANG_WARN_BLOCK_CAPTURE_AUTORELEASING = YES;
				CLANG_WARN_BOOL_CONVERSION = YES;
				CLANG_WARN_COMMA = YES;
				CLANG_WARN_CONSTANT_CONVERSION = YES;
				CLANG_WARN_DEPRECATED_OBJC_IMPLEMENTATIONS = YES;
				CLANG_WARN_DIRECT_OBJC_ISA_USAGE = YES_ERROR;
				CLANG_WARN_DOCUMENTATION_COMMENTS = YES;
				CLANG_WARN_EMPTY_BODY = YES;
				CLANG_WARN_ENUM_CONVERSION = YES;
				CLANG_WARN_INFINITE_RECURSION = YES;
				CLANG_WARN_INT_CONVERSION = YES;
				CLANG_WARN_NON_LITERAL_NULL_CONVERSION = YES;
				CLANG_WARN_OBJC_IMPLICIT_RETAIN_SELF = YES;
				CLANG_WARN_OBJC_LITERAL_CONVERSION = YES;
				CLANG_WARN_OBJC_ROOT_CLASS = YES_ERROR;
				CLANG_WARN_QUOTED_INCLUDE_IN_FRAMEWORK_HEADER = YES;
				CLANG_WARN_RANGE_LOOP_ANALYSIS = YES;
				CLANG_WARN_STRICT_PROTOTYPES = YES;
				CLANG_WARN_SUSPICIOUS_MOVE = YES;
				CLANG_WARN_UNGUARDED_AVAILABILITY = YES_AGGRESSIVE;
				CLANG_WARN_UNREACHABLE_CODE = YES;
				CLANG_WARN__DUPLICATE_METHOD_MATCH = YES;
				COPY_PHASE_STRIP = NO;
				DEBUG_INFORMATION_FORMAT = dwarf;
				ENABLE_STRICT_OBJC_MSGSEND = YES;
				ENABLE_TESTABILITY = YES;
				ENABLE_USER_SCRIPT_SANDBOXING = YES;
				GCC_C_LANGUAGE_STANDARD = gnu17;
				GCC_DYNAMIC_NO_PIC = NO;
				GCC_NO_COMMON_BLOCKS = YES;
				GCC_OPTIMIZATION_LEVEL = 0;
				GCC_PREPROCESSOR_DEFINITIONS = (
					"DEBUG=1",
					"$(inherited)",
				);
				GCC_WARN_64_TO_32_BIT_CONVERSION = YES;
				GCC_WARN_ABOUT_RETURN_TYPE = YES_ERROR;
				GCC_WARN_UNDECLARED_SELECTOR = YES;
				GCC_WARN_UNINITIALIZED_AUTOS = YES_AGGRESSIVE;
				GCC_WARN_UNUSED_FUNCTION = YES;
				GCC_WARN_UNUSED_VARIABLE = YES;
				IPHONEOS_DEPLOYMENT_TARGET = 17.2;
				LOCALIZATION_PREFERS_STRING_CATALOGS = YES;
				MTL_ENABLE_DEBUG_INFO = INCLUDE_SOURCE;
				MTL_FAST_MATH = YES;
				ONLY_ACTIVE_ARCH = YES;
				SDKROOT = iphoneos;
				SWIFT_ACTIVE_COMPILATION_CONDITIONS = "DEBUG $(inherited)";
				SWIFT_OPTIMIZATION_LEVEL = "-Onone";
			};
			name = Debug;
		};
		9EEB5BA52B614C4400EC9CBC /* Release */ = {
			isa = XCBuildConfiguration;
			buildSettings = {
				ALWAYS_SEARCH_USER_PATHS = NO;
				ASSETCATALOG_COMPILER_GENERATE_SWIFT_ASSET_SYMBOL_EXTENSIONS = YES;
				CLANG_ANALYZER_NONNULL = YES;
				CLANG_ANALYZER_NUMBER_OBJECT_CONVERSION = YES_AGGRESSIVE;
				CLANG_CXX_LANGUAGE_STANDARD = "gnu++20";
				CLANG_ENABLE_MODULES = YES;
				CLANG_ENABLE_OBJC_ARC = YES;
				CLANG_ENABLE_OBJC_WEAK = YES;
				CLANG_WARN_BLOCK_CAPTURE_AUTORELEASING = YES;
				CLANG_WARN_BOOL_CONVERSION = YES;
				CLANG_WARN_COMMA = YES;
				CLANG_WARN_CONSTANT_CONVERSION = YES;
				CLANG_WARN_DEPRECATED_OBJC_IMPLEMENTATIONS = YES;
				CLANG_WARN_DIRECT_OBJC_ISA_USAGE = YES_ERROR;
				CLANG_WARN_DOCUMENTATION_COMMENTS = YES;
				CLANG_WARN_EMPTY_BODY = YES;
				CLANG_WARN_ENUM_CONVERSION = YES;
				CLANG_WARN_INFINITE_RECURSION = YES;
				CLANG_WARN_INT_CONVERSION = YES;
				CLANG_WARN_NON_LITERAL_NULL_CONVERSION = YES;
				CLANG_WARN_OBJC_IMPLICIT_RETAIN_SELF = YES;
				CLANG_WARN_OBJC_LITERAL_CONVERSION = YES;
				CLANG_WARN_OBJC_ROOT_CLASS = YES_ERROR;
				CLANG_WARN_QUOTED_INCLUDE_IN_FRAMEWORK_HEADER = YES;
				CLANG_WARN_RANGE_LOOP_ANALYSIS = YES;
				CLANG_WARN_STRICT_PROTOTYPES = YES;
				CLANG_WARN_SUSPICIOUS_MOVE = YES;
				CLANG_WARN_UNGUARDED_AVAILABILITY = YES_AGGRESSIVE;
				CLANG_WARN_UNREACHABLE_CODE = YES;
				CLANG_WARN__DUPLICATE_METHOD_MATCH = YES;
				COPY_PHASE_STRIP = NO;
				DEBUG_INFORMATION_FORMAT = "dwarf-with-dsym";
				ENABLE_NS_ASSERTIONS = NO;
				ENABLE_STRICT_OBJC_MSGSEND = YES;
				ENABLE_USER_SCRIPT_SANDBOXING = YES;
				GCC_C_LANGUAGE_STANDARD = gnu17;
				GCC_NO_COMMON_BLOCKS = YES;
				GCC_WARN_64_TO_32_BIT_CONVERSION = YES;
				GCC_WARN_ABOUT_RETURN_TYPE = YES_ERROR;
				GCC_WARN_UNDECLARED_SELECTOR = YES;
				GCC_WARN_UNINITIALIZED_AUTOS = YES_AGGRESSIVE;
				GCC_WARN_UNUSED_FUNCTION = YES;
				GCC_WARN_UNUSED_VARIABLE = YES;
				IPHONEOS_DEPLOYMENT_TARGET = 17.2;
				LOCALIZATION_PREFERS_STRING_CATALOGS = YES;
				MTL_ENABLE_DEBUG_INFO = NO;
				MTL_FAST_MATH = YES;
				SDKROOT = iphoneos;
				SWIFT_COMPILATION_MODE = wholemodule;
				VALIDATE_PRODUCT = YES;
			};
			name = Release;
		};
		9EEB5BA72B614C4400EC9CBC /* Debug */ = {
			isa = XCBuildConfiguration;
			buildSettings = {
				ASSETCATALOG_COMPILER_APPICON_NAME = AppIcon;
				ASSETCATALOG_COMPILER_GLOBAL_ACCENT_COLOR_NAME = AccentColor;
				CODE_SIGN_STYLE = Automatic;
				CURRENT_PROJECT_VERSION = 1;
				DEVELOPMENT_ASSET_PATHS = "\"Africa/Preview Content\"";
				DEVELOPMENT_TEAM = W24A4VSSJA;
				ENABLE_PREVIEWS = YES;
				GENERATE_INFOPLIST_FILE = YES;
				INFOPLIST_FILE = Africa/Info.plist;
				INFOPLIST_KEY_UIApplicationSceneManifest_Generation = YES;
				INFOPLIST_KEY_UIApplicationSupportsIndirectInputEvents = YES;
				INFOPLIST_KEY_UISupportedInterfaceOrientations_iPad = "UIInterfaceOrientationPortrait UIInterfaceOrientationPortraitUpsideDown UIInterfaceOrientationLandscapeLeft UIInterfaceOrientationLandscapeRight";
				INFOPLIST_KEY_UISupportedInterfaceOrientations_iPhone = "UIInterfaceOrientationPortrait UIInterfaceOrientationLandscapeLeft UIInterfaceOrientationLandscapeRight";
				INFOPLIST_KEY_UIUserInterfaceStyle = Dark;
				LD_RUNPATH_SEARCH_PATHS = (
					"$(inherited)",
					"@executable_path/Frameworks",
				);
				MARKETING_VERSION = 1.0;
				PRODUCT_BUNDLE_IDENTIFIER = com.swiftuimasterclass.Africa;
				PRODUCT_NAME = "$(TARGET_NAME)";
				SWIFT_EMIT_LOC_STRINGS = YES;
				SWIFT_VERSION = 5.0;
				TARGETED_DEVICE_FAMILY = "1,2";
			};
			name = Debug;
		};
		9EEB5BA82B614C4400EC9CBC /* Release */ = {
			isa = XCBuildConfiguration;
			buildSettings = {
				ASSETCATALOG_COMPILER_APPICON_NAME = AppIcon;
				ASSETCATALOG_COMPILER_GLOBAL_ACCENT_COLOR_NAME = AccentColor;
				CODE_SIGN_STYLE = Automatic;
				CURRENT_PROJECT_VERSION = 1;
				DEVELOPMENT_ASSET_PATHS = "\"Africa/Preview Content\"";
				DEVELOPMENT_TEAM = W24A4VSSJA;
				ENABLE_PREVIEWS = YES;
				GENERATE_INFOPLIST_FILE = YES;
				INFOPLIST_FILE = Africa/Info.plist;
				INFOPLIST_KEY_UIApplicationSceneManifest_Generation = YES;
				INFOPLIST_KEY_UIApplicationSupportsIndirectInputEvents = YES;
				INFOPLIST_KEY_UISupportedInterfaceOrientations_iPad = "UIInterfaceOrientationPortrait UIInterfaceOrientationPortraitUpsideDown UIInterfaceOrientationLandscapeLeft UIInterfaceOrientationLandscapeRight";
				INFOPLIST_KEY_UISupportedInterfaceOrientations_iPhone = "UIInterfaceOrientationPortrait UIInterfaceOrientationLandscapeLeft UIInterfaceOrientationLandscapeRight";
				INFOPLIST_KEY_UIUserInterfaceStyle = Dark;
				LD_RUNPATH_SEARCH_PATHS = (
					"$(inherited)",
					"@executable_path/Frameworks",
				);
				MARKETING_VERSION = 1.0;
				PRODUCT_BUNDLE_IDENTIFIER = com.swiftuimasterclass.Africa;
				PRODUCT_NAME = "$(TARGET_NAME)";
				SWIFT_EMIT_LOC_STRINGS = YES;
				SWIFT_VERSION = 5.0;
				TARGETED_DEVICE_FAMILY = "1,2";
			};
			name = Release;
		};
/* End XCBuildConfiguration section */

/* Begin XCConfigurationList section */
		9EEB5B932B614C4200EC9CBC /* Build configuration list for PBXProject "Africa" */ = {
			isa = XCConfigurationList;
			buildConfigurations = (
				9EEB5BA42B614C4400EC9CBC /* Debug */,
				9EEB5BA52B614C4400EC9CBC /* Release */,
			);
			defaultConfigurationIsVisible = 0;
			defaultConfigurationName = Release;
		};
		9EEB5BA62B614C4400EC9CBC /* Build configuration list for PBXNativeTarget "Africa" */ = {
			isa = XCConfigurationList;
			buildConfigurations = (
				9EEB5BA72B614C4400EC9CBC /* Debug */,
				9EEB5BA82B614C4400EC9CBC /* Release */,
			);
			defaultConfigurationIsVisible = 0;
			defaultConfigurationName = Release;
		};
/* End XCConfigurationList section */
	};
	rootObject = 9EEB5B902B614C4200EC9CBC /* Project object */;
}
